
Microsoft Visual Studio Solution File, Format Version 12.00
# Visual Studio Version 16
VisualStudioVersion = 16.0.30804.86
MinimumVisualStudioVersion = 10.0.40219.1
Project("{FAE04EC0-301F-11D3-BF4B-00C04F79EFBC}") = "23OcakOdev", "23OcakOdev\23OcakOdev.csproj", "{02FA8299-588C-4D16-BE19-5C841AA9E478}"
EndProject
Global
	GlobalSection(SolutionConfigurationPlatforms) = preSolution
		Debug|Any CPU = Debug|Any CPU
		Release|Any CPU = Release|Any CPU
	EndGlobalSection
	GlobalSection(ProjectConfigurationPlatforms) = postSolution
		{02FA8299-588C-4D16-BE19-5C841AA9E478}.Debug|Any CPU.ActiveCfg = Debug|Any CPU
		{02FA8299-588C-4D16-BE19-5C841AA9E478}.Debug|Any CPU.Build.0 = Debug|Any CPU
		{02FA8299-588C-4D16-BE19-5C841AA9E478}.Release|Any CPU.ActiveCfg = Release|Any CPU
		{02FA8299-588C-4D16-BE19-5C841AA9E478}.Release|Any CPU.Build.0 = Release|Any CPU
	EndGlobalSection
	GlobalSection(SolutionProperties) = preSolution
		HideSolutionNode = FALSE
	EndGlobalSection
	GlobalSection(ExtensibilityGlobals) = postSolution
		SolutionGuid = {C9DBA08F-E38F-43B7-BED4-229C8563DA73}
	EndGlobalSection
EndGlobal
